// !$*UTF8*$!
{
	archiveVersion = 1;
	classes = {
	};
	objectVersion = 46;
	objects = {

/* Begin PBXBuildFile section */
		088E36C119FB5DB900079C37 /* AppDelegate.swift in Sources */ = {isa = PBXBuildFile; fileRef = 088E36C019FB5DB900079C37 /* AppDelegate.swift */; };
		088E36C319FB5DB900079C37 /* ViewController.swift in Sources */ = {isa = PBXBuildFile; fileRef = 088E36C219FB5DB900079C37 /* ViewController.swift */; };
		088E36C619FB5DB900079C37 /* Main.storyboard in Resources */ = {isa = PBXBuildFile; fileRef = 088E36C419FB5DB900079C37 /* Main.storyboard */; };
		088E36C819FB5DB900079C37 /* Images.xcassets in Resources */ = {isa = PBXBuildFile; fileRef = 088E36C719FB5DB900079C37 /* Images.xcassets */; };
		088E36CB19FB5DB900079C37 /* LaunchScreen.xib in Resources */ = {isa = PBXBuildFile; fileRef = 088E36C919FB5DB900079C37 /* LaunchScreen.xib */; };
		088E36D719FB5DB900079C37 /* _9BallonsTests.swift in Sources */ = {isa = PBXBuildFile; fileRef = 088E36D619FB5DB900079C37 /* _9BallonsTests.swift */; };
/* End PBXBuildFile section */

/* Begin PBXContainerItemProxy section */
		088E36D119FB5DB900079C37 /* PBXContainerItemProxy */ = {
			isa = PBXContainerItemProxy;
			containerPortal = 088E36B319FB5DB900079C37 /* Project object */;
			proxyType = 1;
			remoteGlobalIDString = 088E36BA19FB5DB900079C37;
			remoteInfo = 99Ballons;
		};
/* End PBXContainerItemProxy section */

/* Begin PBXFileReference section */
		088E36BB19FB5DB900079C37 /* 99Ballons.app */ = {isa = PBXFileReference; explicitFileType = wrapper.application; includeInIndex = 0; path = 99Ballons.app; sourceTree = BUILT_PRODUCTS_DIR; };
		088E36BF19FB5DB900079C37 /* Info.plist */ = {isa = PBXFileReference; lastKnownFileType = text.plist.xml; path = Info.plist; sourceTree = "<group>"; };
		088E36C019FB5DB900079C37 /* AppDelegate.swift */ = {isa = PBXFileReference; lastKnownFileType = sourcecode.swift; path = AppDelegate.swift; sourceTree = "<group>"; };
		088E36C219FB5DB900079C37 /* ViewController.swift */ = {isa = PBXFileReference; lastKnownFileType = sourcecode.swift; path = ViewController.swift; sourceTree = "<group>"; };
		088E36C519FB5DB900079C37 /* Base */ = {isa = PBXFileReference; lastKnownFileType = file.storyboard; name = Base; path = Base.lproj/Main.storyboard; sourceTree = "<group>"; };
		088E36C719FB5DB900079C37 /* Images.xcassets */ = {isa = PBXFileReference; lastKnownFileType = folder.assetcatalog; path = Images.xcassets; sourceTree = "<group>"; };
		088E36CA19FB5DB900079C37 /* Base */ = {isa = PBXFileReference; lastKnownFileType = file.xib; name = Base; path = Base.lproj/LaunchScreen.xib; sourceTree = "<group>"; };
		088E36D019FB5DB900079C37 /* 99BallonsTests.xctest */ = {isa = PBXFileReference; explicitFileType = wrapper.cfbundle; includeInIndex = 0; path = 99BallonsTests.xctest; sourceTree = BUILT_PRODUCTS_DIR; };
		088E36D519FB5DB900079C37 /* Info.plist */ = {isa = PBXFileReference; lastKnownFileType = text.plist.xml; path = Info.plist; sourceTree = "<group>"; };
		088E36D619FB5DB900079C37 /* _9BallonsTests.swift */ = {isa = PBXFileReference; lastKnownFileType = sourcecode.swift; path = _9BallonsTests.swift; sourceTree = "<group>"; };
/* End PBXFileReference section */

/* Begin PBXFrameworksBuildPhase section */
		088E36B819FB5DB900079C37 /* Frameworks */ = {
			isa = PBXFrameworksBuildPhase;
			buildActionMask = 2147483647;
			files = (
			);
			runOnlyForDeploymentPostprocessing = 0;
		};
		088E36CD19FB5DB900079C37 /* Frameworks */ = {
			isa = PBXFrameworksBuildPhase;
			buildActionMask = 2147483647;
			files = (
			);
			runOnlyForDeploymentPostprocessing = 0;
		};
/* End PBXFrameworksBuildPhase section */

/* Begin PBXGroup section */
		088E36B219FB5DB900079C37 = {
			isa = PBXGroup;
			children = (
				088E36BD19FB5DB900079C37 /* 99Ballons */,
				088E36D319FB5DB900079C37 /* 99BallonsTests */,
				088E36BC19FB5DB900079C37 /* Products */,
			);
			sourceTree = "<group>";
		};
		088E36BC19FB5DB900079C37 /* Products */ = {
			isa = PBXGroup;
			children = (
				088E36BB19FB5DB900079C37 /* 99Ballons.app */,
				088E36D019FB5DB900079C37 /* 99BallonsTests.xctest */,
			);
			name = Products;
			sourceTree = "<group>";
		};
		088E36BD19FB5DB900079C37 /* 99Ballons */ = {
			isa = PBXGroup;
			children = (
				088E36C019FB5DB900079C37 /* AppDelegate.swift */,
				088E36C219FB5DB900079C37 /* ViewController.swift */,
				088E36C419FB5DB900079C37 /* Main.storyboard */,
				088E36C719FB5DB900079C37 /* Images.xcassets */,
				088E36C919FB5DB900079C37 /* LaunchScreen.xib */,
				088E36BE19FB5DB900079C37 /* Supporting Files */,
			);
			path = 99Ballons;
			sourceTree = "<group>";
		};
		088E36BE19FB5DB900079C37 /* Supporting Files */ = {
			isa = PBXGroup;
			children = (
				088E36BF19FB5DB900079C37 /* Info.plist */,
			);
			name = "Supporting Files";
			sourceTree = "<group>";
		};
		088E36D319FB5DB900079C37 /* 99BallonsTests */ = {
			isa = PBXGroup;
			children = (
				088E36D619FB5DB900079C37 /* _9BallonsTests.swift */,
				088E36D419FB5DB900079C37 /* Supporting Files */,
			);
			path = 99BallonsTests;
			sourceTree = "<group>";
		};
		088E36D419FB5DB900079C37 /* Supporting Files */ = {
			isa = PBXGroup;
			children = (
				088E36D519FB5DB900079C37 /* Info.plist */,
			);
			name = "Supporting Files";
			sourceTree = "<group>";
		};
/* End PBXGroup section */

/* Begin PBXNativeTarget section */
		088E36BA19FB5DB900079C37 /* 99Ballons */ = {
			isa = PBXNativeTarget;
			buildConfigurationList = 088E36DA19FB5DB900079C37 /* Build configuration list for PBXNativeTarget "99Ballons" */;
			buildPhases = (
				088E36B719FB5DB900079C37 /* Sources */,
				088E36B819FB5DB900079C37 /* Frameworks */,
				088E36B919FB5DB900079C37 /* Resources */,
			);
			buildRules = (
			);
			dependencies = (
			);
			name = 99Ballons;
			productName = 99Ballons;
			productReference = 088E36BB19FB5DB900079C37 /* 99Ballons.app */;
			productType = "com.apple.product-type.application";
		};
		088E36CF19FB5DB900079C37 /* 99BallonsTests */ = {
			isa = PBXNativeTarget;
			buildConfigurationList = 088E36DD19FB5DB900079C37 /* Build configuration list for PBXNativeTarget "99BallonsTests" */;
			buildPhases = (
				088E36CC19FB5DB900079C37 /* Sources */,
				088E36CD19FB5DB900079C37 /* Frameworks */,
				088E36CE19FB5DB900079C37 /* Resources */,
			);
			buildRules = (
			);
			dependencies = (
				088E36D219FB5DB900079C37 /* PBXTargetDependency */,
			);
			name = 99BallonsTests;
			productName = 99BallonsTests;
			productReference = 088E36D019FB5DB900079C37 /* 99BallonsTests.xctest */;
			productType = "com.apple.product-type.bundle.unit-test";
		};
/* End PBXNativeTarget section */

/* Begin PBXProject section */
		088E36B319FB5DB900079C37 /* Project object */ = {
			isa = PBXProject;
			attributes = {
				LastUpgradeCheck = 0600;
				ORGANIZATIONNAME = Carlos;
				TargetAttributes = {
					088E36BA19FB5DB900079C37 = {
						CreatedOnToolsVersion = 6.0.1;
					};
					088E36CF19FB5DB900079C37 = {
						CreatedOnToolsVersion = 6.0.1;
						TestTargetID = 088E36BA19FB5DB900079C37;
					};
				};
			};
			buildConfigurationList = 088E36B619FB5DB900079C37 /* Build configuration list for PBXProject "99Ballons" */;
			compatibilityVersion = "Xcode 3.2";
			developmentRegion = English;
			hasScannedForEncodings = 0;
			knownRegions = (
				en,
				Base,
			);
			mainGroup = 088E36B219FB5DB900079C37;
			productRefGroup = 088E36BC19FB5DB900079C37 /* Products */;
			projectDirPath = "";
			projectRoot = "";
			targets = (
				088E36BA19FB5DB900079C37 /* 99Ballons */,
				088E36CF19FB5DB900079C37 /* 99BallonsTests */,
			);
		};
/* End PBXProject section */

/* Begin PBXResourcesBuildPhase section */
		088E36B919FB5DB900079C37 /* Resources */ = {
			isa = PBXResourcesBuildPhase;
			buildActionMask = 2147483647;
			files = (
				088E36C619FB5DB900079C37 /* Main.storyboard in Resources */,
				088E36CB19FB5DB900079C37 /* LaunchScreen.xib in Resources */,
				088E36C819FB5DB900079C37 /* Images.xcassets in Resources */,
			);
			runOnlyForDeploymentPostprocessing = 0;
		};
		088E36CE19FB5DB900079C37 /* Resources */ = {
			isa = PBXResourcesBuildPhase;
			buildActionMask = 2147483647;
			files = (
			);
			runOnlyForDeploymentPostprocessing = 0;
		};
/* End PBXResourcesBuildPhase section */

/* Begin PBXSourcesBuildPhase section */
		088E36B719FB5DB900079C37 /* Sources */ = {
			isa = PBXSourcesBuildPhase;
			buildActionMask = 2147483647;
			files = (
				088E36C319FB5DB900079C37 /* ViewController.swift in Sources */,
				088E36C119FB5DB900079C37 /* AppDelegate.swift in Sources */,
			);
			runOnlyForDeploymentPostprocessing = 0;
		};
		088E36CC19FB5DB900079C37 /* Sources */ = {
			isa = PBXSourcesBuildPhase;
			buildActionMask = 2147483647;
			files = (
				088E36D719FB5DB900079C37 /* _9BallonsTests.swift in Sources */,
			);
			runOnlyForDeploymentPostprocessing = 0;
		};
/* End PBXSourcesBuildPhase section */

/* Begin PBXTargetDependency section */
		088E36D219FB5DB900079C37 /* PBXTargetDependency */ = {
			isa = PBXTargetDependency;
			target = 088E36BA19FB5DB900079C37 /* 99Ballons */;
			targetProxy = 088E36D119FB5DB900079C37 /* PBXContainerItemProxy */;
		};
/* End PBXTargetDependency section */

/* Begin PBXVariantGroup section */
		088E36C419FB5DB900079C37 /* Main.storyboard */ = {
			isa = PBXVariantGroup;
			children = (
				088E36C519FB5DB900079C37 /* Base */,
			);
			name = Main.storyboard;
			sourceTree = "<group>";
		};
		088E36C919FB5DB900079C37 /* LaunchScreen.xib */ = {
			isa = PBXVariantGroup;
			children = (
				088E36CA19FB5DB900079C37 /* Base */,
			);
			name = LaunchScreen.xib;
			sourceTree = "<group>";
		};
/* End PBXVariantGroup section */

/* Begin XCBuildConfiguration section */
		088E36D819FB5DB900079C37 /* Debug */ = {
			isa = XCBuildConfiguration;
			buildSettings = {
				ALWAYS_SEARCH_USER_PATHS = NO;
				CLANG_CXX_LANGUAGE_STANDARD = "gnu++0x";
				CLANG_CXX_LIBRARY = "libc++";
				CLANG_ENABLE_MODULES = YES;
				CLANG_ENABLE_OBJC_ARC = YES;
				CLANG_WARN_BOOL_CONVERSION = YES;
				CLANG_WARN_CONSTANT_CONVERSION = YES;
				CLANG_WARN_DIRECT_OBJC_ISA_USAGE = YES_ERROR;
				CLANG_WARN_EMPTY_BODY = YES;
				CLANG_WARN_ENUM_CONVERSION = YES;
				CLANG_WARN_INT_CONVERSION = YES;
				CLANG_WARN_OBJC_ROOT_CLASS = YES_ERROR;
				CLANG_WARN_UNREACHABLE_CODE = YES;
				CLANG_WARN__DUPLICATE_METHOD_MATCH = YES;
				"CODE_SIGN_IDENTITY[sdk=iphoneos*]" = "iPhone Developer";
				COPY_PHASE_STRIP = NO;
				ENABLE_STRICT_OBJC_MSGSEND = YES;
				GCC_C_LANGUAGE_STANDARD = gnu99;
				GCC_DYNAMIC_NO_PIC = NO;
				GCC_OPTIMIZATION_LEVEL = 0;
				GCC_PREPROCESSOR_DEFINITIONS = (
					"DEBUG=1",
					"$(inherited)",
				);
				GCC_SYMBOLS_PRIVATE_EXTERN = NO;
				GCC_WARN_64_TO_32_BIT_CONVERSION = YES;
				GCC_WARN_ABOUT_RETURN_TYPE = YES_ERROR;
				GCC_WARN_UNDECLARED_SELECTOR = YES;
				GCC_WARN_UNINITIALIZED_AUTOS = YES_AGGRESSIVE;
				GCC_WARN_UNUSED_FUNCTION = YES;
				GCC_WARN_UNUSED_VARIABLE = YES;
				IPHONEOS_DEPLOYMENT_TARGET = 8.0;
				MTL_ENABLE_DEBUG_INFO = YES;
				ONLY_ACTIVE_ARCH = YES;
				SDKROOT = iphoneos;
				SWIFT_OPTIMIZATION_LEVEL = "-Onone";
			};
			name = Debug;
		};
		088E36D919FB5DB900079C37 /* Release */ = {
			isa = XCBuildConfiguration;
			buildSettings = {
				ALWAYS_SEARCH_USER_PATHS = NO;
				CLANG_CXX_LANGUAGE_STANDARD = "gnu++0x";
				CLANG_CXX_LIBRARY = "libc++";
				CLANG_ENABLE_MODULES = YES;
				CLANG_ENABLE_OBJC_ARC = YES;
				CLANG_WARN_BOOL_CONVERSION = YES;
				CLANG_WARN_CONSTANT_CONVERSION = YES;
				CLANG_WARN_DIRECT_OBJC_ISA_USAGE = YES_ERROR;
				CLANG_WARN_EMPTY_BODY = YES;
				CLANG_WARN_ENUM_CONVERSION = YES;
				CLANG_WARN_INT_CONVERSION = YES;
				CLANG_WARN_OBJC_ROOT_CLASS = YES_ERROR;
				CLANG_WARN_UNREACHABLE_CODE = YES;
				CLANG_WARN__DUPLICATE_METHOD_MATCH = YES;
				"CODE_SIGN_IDENTITY[sdk=iphoneos*]" = "iPhone Developer";
				COPY_PHASE_STRIP = YES;
				ENABLE_NS_ASSERTIONS = NO;
				ENABLE_STRICT_OBJC_MSGSEND = YES;
				GCC_C_LANGUAGE_STANDARD = gnu99;
				GCC_WARN_64_TO_32_BIT_CONVERSION = YES;
				GCC_WARN_ABOUT_RETURN_TYPE = YES_ERROR;
				GCC_WARN_UNDECLARED_SELECTOR = YES;
				GCC_WARN_UNINITIALIZED_AUTOS = YES_AGGRESSIVE;
				GCC_WARN_UNUSED_FUNCTION = YES;
				GCC_WARN_UNUSED_VARIABLE = YES;
				IPHONEOS_DEPLOYMENT_TARGET = 8.0;
				MTL_ENABLE_DEBUG_INFO = NO;
				SDKROOT = iphoneos;
				VALIDATE_PRODUCT = YES;
			};
			name = Release;
		};
		088E36DB19FB5DB900079C37 /* Debug */ = {
			isa = XCBuildConfiguration;
			buildSettings = {
				ASSETCATALOG_COMPILER_APPICON_NAME = AppIcon;
				INFOPLIST_FILE = 99Ballons/Info.plist;
				LD_RUNPATH_SEARCH_PATHS = "$(inherited) @executable_path/Frameworks";
				PRODUCT_NAME = "$(TARGET_NAME)";
			};
			name = Debug;
		};
		088E36DC19FB5DB900079C37 /* Release */ = {
			isa = XCBuildConfiguration;
			buildSettings = {
				ASSETCATALOG_COMPILER_APPICON_NAME = AppIcon;
				INFOPLIST_FILE = 99Ballons/Info.plist;
				LD_RUNPATH_SEARCH_PATHS = "$(inherited) @executable_path/Frameworks";
				PRODUCT_NAME = "$(TARGET_NAME)";
			};
			name = Release;
		};
		088E36DE19FB5DB900079C37 /* Debug */ = {
			isa = XCBuildConfiguration;
			buildSettings = {
				BUNDLE_LOADER = "$(TEST_HOST)";
				FRAMEWORK_SEARCH_PATHS = (
					"$(SDKROOT)/Developer/Library/Frameworks",
					"$(inherited)",
				);
				GCC_PREPROCESSOR_DEFINITIONS = (
					"DEBUG=1",
					"$(inherited)",
				);
				INFOPLIST_FILE = 99BallonsTests/Info.plist;
				LD_RUNPATH_SEARCH_PATHS = "$(inherited) @executable_path/Frameworks @loader_path/Frameworks";
				PRODUCT_NAME = "$(TARGET_NAME)";
				TEST_HOST = "$(BUILT_PRODUCTS_DIR)/99Ballons.app/99Ballons";
			};
			name = Debug;
		};
		088E36DF19FB5DB900079C37 /* Release */ = {
			isa = XCBuildConfiguration;
			buildSettings = {
				BUNDLE_LOADER = "$(TEST_HOST)";
				FRAMEWORK_SEARCH_PATHS = (
					"$(SDKROOT)/Developer/Library/Frameworks",
					"$(inherited)",
				);
				INFOPLIST_FILE = 99BallonsTests/Info.plist;
				LD_RUNPATH_SEARCH_PATHS = "$(inherited) @executable_path/Frameworks @loader_path/Frameworks";
				PRODUCT_NAME = "$(TARGET_NAME)";
				TEST_HOST = "$(BUILT_PRODUCTS_DIR)/99Ballons.app/99Ballons";
			};
			name = Release;
		};
/* End XCBuildConfiguration section */

/* Begin XCConfigurationList section */
		088E36B619FB5DB900079C37 /* Build configuration list for PBXProject "99Ballons" */ = {
			isa = XCConfigurationList;
			buildConfigurations = (
				088E36D819FB5DB900079C37 /* Debug */,
				088E36D919FB5DB900079C37 /* Release */,
			);
			defaultConfigurationIsVisible = 0;
			defaultConfigurationName = Release;
		};
		088E36DA19FB5DB900079C37 /* Build configuration list for PBXNativeTarget "99Ballons" */ = {
			isa = XCConfigurationList;
			buildConfigurations = (
				088E36DB19FB5DB900079C37 /* Debug */,
				088E36DC19FB5DB900079C37 /* Release */,
			);
			defaultConfigurationIsVisible = 0;
		};
		088E36DD19FB5DB900079C37 /* Build configuration list for PBXNativeTarget "99BallonsTests" */ = {
			isa = XCConfigurationList;
			buildConfigurations = (
				088E36DE19FB5DB900079C37 /* Debug */,
				088E36DF19FB5DB900079C37 /* Release */,
			);
			defaultConfigurationIsVisible = 0;
		};
/* End XCConfigurationList section */
	};
	rootObject = 088E36B319FB5DB900079C37 /* Project object */;
}
